
Microsoft Visual Studio Solution File, Format Version 11.00
# Visual Studio 2010
Project("{FAE04EC0-301F-11D3-BF4B-00C04F79EFBC}") = "K_var11_Levankov", "K_var11_Levankov.csproj", "{D7A2C26E-2D0E-42E5-9C91-5AFBC47A7C5C}"
EndProject
Global
	GlobalSection(SolutionConfigurationPlatforms) = preSolution
		Debug|x86 = Debug|x86
		Release|x86 = Release|x86
	EndGlobalSection
	GlobalSection(ProjectConfigurationPlatforms) = postSolution
		{D7A2C26E-2D0E-42E5-9C91-5AFBC47A7C5C}.Debug|x86.ActiveCfg = Debug|x86
		{D7A2C26E-2D0E-42E5-9C91-5AFBC47A7C5C}.Debug|x86.Build.0 = Debug|x86
		{D7A2C26E-2D0E-42E5-9C91-5AFBC47A7C5C}.Release|x86.ActiveCfg = Release|x86
		{D7A2C26E-2D0E-42E5-9C91-5AFBC47A7C5C}.Release|x86.Build.0 = Release|x86
	EndGlobalSection
	GlobalSection(SolutionProperties) = preSolution
		HideSolutionNode = FALSE
	EndGlobalSection
EndGlobal
